
Microsoft Visual Studio Solution File, Format Version 12.00
# Visual Studio Version 17
VisualStudioVersion = 17.9.34622.214
MinimumVisualStudioVersion = 10.0.40219.1
Project("{FAE04EC0-301F-11D3-BF4B-00C04F79EFBC}") = "OpTable", "OpTable.csproj", "{4F7E6710-F759-4B15-A5B3-9F22700AA741}"
EndProject
Global
	GlobalSection(SolutionConfigurationPlatforms) = preSolution
		Debug|Any CPU = Debug|Any CPU
		Release|Any CPU = Release|Any CPU
	EndGlobalSection
	GlobalSection(ProjectConfigurationPlatforms) = postSolution
		{4F7E6710-F759-4B15-A5B3-9F22700AA741}.Debug|Any CPU.ActiveCfg = Debug|Any CPU
		{4F7E6710-F759-4B15-A5B3-9F22700AA741}.Debug|Any CPU.Build.0 = Debug|Any CPU
		{4F7E6710-F759-4B15-A5B3-9F22700AA741}.Release|Any CPU.ActiveCfg = Release|Any CPU
		{4F7E6710-F759-4B15-A5B3-9F22700AA741}.Release|Any CPU.Build.0 = Release|Any CPU
	EndGlobalSection
	GlobalSection(SolutionProperties) = preSolution
		HideSolutionNode = FALSE
	EndGlobalSection
	GlobalSection(ExtensibilityGlobals) = postSolution
		SolutionGuid = {6CD9F95C-00EE-4AF0-8324-A76F8B1CBBAA}
	EndGlobalSection
EndGlobal
